
Microsoft Visual Studio Solution File, Format Version 12.00
# Visual Studio Version 16
VisualStudioVersion = 16.0.31624.102
MinimumVisualStudioVersion = 10.0.40219.1
Project("{FAE04EC0-301F-11D3-BF4B-00C04F79EFBC}") = "Tarea 6", "Tarea 6\Tarea 6.csproj", "{D592B7F4-B107-40FD-8579-E6DCAE2964EC}"
EndProject
Global
	GlobalSection(SolutionConfigurationPlatforms) = preSolution
		Debug|Any CPU = Debug|Any CPU
		Release|Any CPU = Release|Any CPU
	EndGlobalSection
	GlobalSection(ProjectConfigurationPlatforms) = postSolution
		{D592B7F4-B107-40FD-8579-E6DCAE2964EC}.Debug|Any CPU.ActiveCfg = Debug|Any CPU
		{D592B7F4-B107-40FD-8579-E6DCAE2964EC}.Debug|Any CPU.Build.0 = Debug|Any CPU
		{D592B7F4-B107-40FD-8579-E6DCAE2964EC}.Release|Any CPU.ActiveCfg = Release|Any CPU
		{D592B7F4-B107-40FD-8579-E6DCAE2964EC}.Release|Any CPU.Build.0 = Release|Any CPU
	EndGlobalSection
	GlobalSection(SolutionProperties) = preSolution
		HideSolutionNode = FALSE
	EndGlobalSection
	GlobalSection(ExtensibilityGlobals) = postSolution
		SolutionGuid = {94969A74-00EA-4F8D-8223-2B7F1ED86326}
	EndGlobalSection
EndGlobal
